# This file is automatically @generated by Cargo.
# It is not intended for manual editing.
version = 3

[[package]]
name = "ahash"
version = "0.7.4"
source = "registry+https://github.com/rust-lang/crates.io-index"
checksum = "43bb833f0bf979d8475d38fbf09ed3b8a55e1885fe93ad3f93239fc6a4f17b98"
dependencies = [
 "getrandom",
 "once_cell",
 "version_check",
]

[[package]]
name = "arrayvec"
version = "0.7.1"
source = "registry+https://github.com/rust-lang/crates.io-index"
checksum = "be4dc07131ffa69b8072d35f5007352af944213cde02545e2103680baed38fcd"

[[package]]
name = "avif-fixer"
version = "0.1.0"
dependencies = [
 "avif-parse",
 "avif-serialize",
]

[[package]]
name = "avif-parse"
version = "0.13.2"
source = "git+https://github.com/kornelski/avif-parse.git?rev=d8eec9ae0430025e0d4d50a19eeacdd28bda89cf#d8eec9ae0430025e0d4d50a19eeacdd28bda89cf"
dependencies = [
 "bitreader",
 "byteorder",
 "fallible_collections",
 "log",
 "static_assertions",
]

[[package]]
name = "avif-serialize"
version = "0.7.3"
source = "git+https://github.com/kornelski/avif-serialize.git?rev=f6114cc73623223146836b6baed9c1db02d04926#f6114cc73623223146836b6baed9c1db02d04926"
dependencies = [
 "arrayvec",
]

[[package]]
name = "bitreader"
version = "0.3.4"
source = "registry+https://github.com/rust-lang/crates.io-index"
checksum = "9178181a7d44239c6c8eaafa8688558a2ab5fa04b8855381f2681e9591fb941b"
dependencies = [
 "cfg-if",
]

[[package]]
name = "byteorder"
version = "1.4.3"
source = "registry+https://github.com/rust-lang/crates.io-index"
checksum = "14c189c53d098945499cdfa7ecc63567cf3886b3332b312a5b4585d8d3a6a610"

[[package]]
name = "cfg-if"
version = "1.0.0"
source = "registry+https://github.com/rust-lang/crates.io-index"
checksum = "baf1de4339761588bc0619e3cbc0120ee582ebb74b53b4efbf79117bd2da40fd"

[[package]]
name = "fallible_collections"
version = "0.4.3"
source = "registry+https://github.com/rust-lang/crates.io-index"
checksum = "eaefd4190151d458f16f0793d3452d7f13aeb3701566a4cefc4c37598876cc00"
dependencies = [
 "hashbrown",
]

[[package]]
name = "getrandom"
version = "0.2.3"
source = "registry+https://github.com/rust-lang/crates.io-index"
checksum = "7fcd999463524c52659517fe2cea98493cfe485d10565e7b0fb07dbba7ad2753"
dependencies = [
 "cfg-if",
 "libc",
 "wasi",
]

[[package]]
name = "hashbrown"
version = "0.11.2"
source = "registry+https://github.com/rust-lang/crates.io-index"
checksum = "ab5ef0d4909ef3724cc8cce6ccc8572c5c817592e9285f5464f8e86f8bd3726e"
dependencies = [
 "ahash",
]

[[package]]
name = "libc"
version = "0.2.100"
source = "registry+https://github.com/rust-lang/crates.io-index"
checksum = "a1fa8cddc8fbbee11227ef194b5317ed014b8acbf15139bd716a18ad3fe99ec5"

[[package]]
name = "log"
version = "0.4.14"
source = "registry+https://github.com/rust-lang/crates.io-index"
checksum = "51b9bbe6c47d51fc3e1a9b945965946b4c44142ab8792c50835a980d362c2710"
dependencies = [
 "cfg-if",
]

[[package]]
name = "once_cell"
version = "1.8.0"
source = "registry+https://github.com/rust-lang/crates.io-index"
checksum = "692fcb63b64b1758029e0a96ee63e049ce8c5948587f2f7208df04625e5f6b56"

[[package]]
name = "static_assertions"
version = "1.1.0"
source = "registry+https://github.com/rust-lang/crates.io-index"
checksum = "a2eb9349b6444b326872e140eb1cf5e7c522154d69e7a0ffb0fb81c06b37543f"

[[package]]
name = "version_check"
version = "0.9.3"
source = "registry+https://github.com/rust-lang/crates.io-index"
checksum = "5fecdca9a5291cc2b8dcf7dc02453fee791a280f3743cb0905f8822ae463b3fe"

[[package]]
name = "wasi"
version = "0.10.2+wasi-snapshot-preview1"
source = "registry+https://github.com/rust-lang/crates.io-index"
checksum = "fd6fbd9a79829dd1ad0cc20627bf1ed606756a7f77edff7b66b7064f9cb327c6"
